
Microsoft Visual Studio Solution File, Format Version 12.00
# Visual Studio 15
VisualStudioVersion = 15.0.26730.12
MinimumVisualStudioVersion = 10.0.40219.1
Project("{FAE04EC0-301F-11D3-BF4B-00C04F79EFBC}") = "Pruefung1_GeraeteVerwaltung", "Pruefung1_GeraeteVerwaltung\Pruefung1_GeraeteVerwaltung.csproj", "{3B419C66-DDEA-4433-9702-F7942E6DE483}"
EndProject
Project("{FAE04EC0-301F-11D3-BF4B-00C04F79EFBC}") = "MLZ_RentalBoatManager", "MLZ_RentalBoatManager\MLZ_RentalBoatManager.csproj", "{FA12068C-9A4E-4C92-A77A-EB2694506097}"
EndProject
Global
	GlobalSection(SolutionConfigurationPlatforms) = preSolution
		Debug|Any CPU = Debug|Any CPU
		Release|Any CPU = Release|Any CPU
	EndGlobalSection
	GlobalSection(ProjectConfigurationPlatforms) = postSolution
		{3B419C66-DDEA-4433-9702-F7942E6DE483}.Debug|Any CPU.ActiveCfg = Debug|Any CPU
		{3B419C66-DDEA-4433-9702-F7942E6DE483}.Debug|Any CPU.Build.0 = Debug|Any CPU
		{3B419C66-DDEA-4433-9702-F7942E6DE483}.Release|Any CPU.ActiveCfg = Release|Any CPU
		{3B419C66-DDEA-4433-9702-F7942E6DE483}.Release|Any CPU.Build.0 = Release|Any CPU
		{FA12068C-9A4E-4C92-A77A-EB2694506097}.Debug|Any CPU.ActiveCfg = Debug|Any CPU
		{FA12068C-9A4E-4C92-A77A-EB2694506097}.Debug|Any CPU.Build.0 = Debug|Any CPU
		{FA12068C-9A4E-4C92-A77A-EB2694506097}.Release|Any CPU.ActiveCfg = Release|Any CPU
		{FA12068C-9A4E-4C92-A77A-EB2694506097}.Release|Any CPU.Build.0 = Release|Any CPU
	EndGlobalSection
	GlobalSection(SolutionProperties) = preSolution
		HideSolutionNode = FALSE
	EndGlobalSection
	GlobalSection(ExtensibilityGlobals) = postSolution
		SolutionGuid = {DA9618B2-8FBB-4E96-994C-2BFE25201A33}
	EndGlobalSection
EndGlobal
